// !$*UTF8*$!
{
	archiveVersion = 1;
	classes = {
	};
	objectVersion = 50;
	objects = {

/* Begin PBXBuildFile section */
		048158A620FF40DA00B0D220 /* LLPurchaseManager.m in Sources */ = {isa = PBXBuildFile; fileRef = 048158A420FF40DA00B0D220 /* LLPurchaseManager.m */; };
		048158AA20FF446C00B0D220 /* Localizable.strings in Resources */ = {isa = PBXBuildFile; fileRef = 048158AC20FF446C00B0D220 /* Localizable.strings */; };
		048158B220FF46A200B0D220 /* ImageSimilarity.m in Sources */ = {isa = PBXBuildFile; fileRef = 048158B120FF46A100B0D220 /* ImageSimilarity.m */; };
		048158B620FF473F00B0D220 /* NSArray+Enum.m in Sources */ = {isa = PBXBuildFile; fileRef = 048158B420FF473F00B0D220 /* NSArray+Enum.m */; };
		04AE7A4420F7239E00BA7D6A /* AppDelegate.m in Sources */ = {isa = PBXBuildFile; fileRef = 04AE7A4320F7239E00BA7D6A /* AppDelegate.m */; };
		04AE7A4720F7239E00BA7D6A /* ViewController.m in Sources */ = {isa = PBXBuildFile; fileRef = 04AE7A4620F7239E00BA7D6A /* ViewController.m */; };
		04AE7A4A20F7239E00BA7D6A /* Main.storyboard in Resources */ = {isa = PBXBuildFile; fileRef = 04AE7A4820F7239E00BA7D6A /* Main.storyboard */; };
		04AE7A4C20F723A000BA7D6A /* Assets.xcassets in Resources */ = {isa = PBXBuildFile; fileRef = 04AE7A4B20F723A000BA7D6A /* Assets.xcassets */; };
		04AE7A4F20F723A000BA7D6A /* LaunchScreen.storyboard in Resources */ = {isa = PBXBuildFile; fileRef = 04AE7A4D20F723A000BA7D6A /* LaunchScreen.storyboard */; };
		04AE7A5220F723A000BA7D6A /* main.m in Sources */ = {isa = PBXBuildFile; fileRef = 04AE7A5120F723A000BA7D6A /* main.m */; };
		04AE7A9720F724FD00BA7D6A /* LLAlertHelper.m in Sources */ = {isa = PBXBuildFile; fileRef = 04AE7A6820F724FD00BA7D6A /* LLAlertHelper.m */; };
		04AE7AA620F724FD00BA7D6A /* LLDateFormatterHelper.m in Sources */ = {isa = PBXBuildFile; fileRef = 04AE7A8D20F724FD00BA7D6A /* LLDateFormatterHelper.m */; };
		04AE7AB120F7270300BA7D6A /* UIViewController+BarItem.m in Sources */ = {isa = PBXBuildFile; fileRef = 04AE7AA920F7270200BA7D6A /* UIViewController+BarItem.m */; };
		04AE7AB220F7270300BA7D6A /* UIImage+Color.m in Sources */ = {isa = PBXBuildFile; fileRef = 04AE7AAA20F7270200BA7D6A /* UIImage+Color.m */; };
		04AE7AB320F7270300BA7D6A /* UIColor+Hex.m in Sources */ = {isa = PBXBuildFile; fileRef = 04AE7AAB20F7270200BA7D6A /* UIColor+Hex.m */; };
		04AE7AB420F7270300BA7D6A /* UIView+EasyLayout.m in Sources */ = {isa = PBXBuildFile; fileRef = 04AE7AAC20F7270300BA7D6A /* UIView+EasyLayout.m */; };
		04AE7AC820F72BD400BA7D6A /* LLDatePickerView.m in Sources */ = {isa = PBXBuildFile; fileRef = 04AE7ABF20F72BD300BA7D6A /* LLDatePickerView.m */; };
		04AE7AC920F72BD400BA7D6A /* LLCustomPickerView.m in Sources */ = {isa = PBXBuildFile; fileRef = 04AE7AC020F72BD300BA7D6A /* LLCustomPickerView.m */; };
		04AE7ACA20F72BD400BA7D6A /* LLWaterView.m in Sources */ = {isa = PBXBuildFile; fileRef = 04AE7AC120F72BD300BA7D6A /* LLWaterView.m */; };
		04AE7AD520F74A1300BA7D6A /* LLPermissionManager.m in Sources */ = {isa = PBXBuildFile; fileRef = 04AE7AD420F74A1300BA7D6A /* LLPermissionManager.m */; };
/* End PBXBuildFile section */

/* Begin PBXFileReference section */
		048158A420FF40DA00B0D220 /* LLPurchaseManager.m */ = {isa = PBXFileReference; fileEncoding = 4; lastKnownFileType = sourcecode.c.objc; path = LLPurchaseManager.m; sourceTree = "<group>"; };
		048158A520FF40DA00B0D220 /* LLPurchaseManager.h */ = {isa = PBXFileReference; fileEncoding = 4; lastKnownFileType = sourcecode.c.h; path = LLPurchaseManager.h; sourceTree = "<group>"; };
		048158A720FF410B00B0D220 /* LLUnits_OC.pch */ = {isa = PBXFileReference; lastKnownFileType = sourcecode.c.h; path = LLUnits_OC.pch; sourceTree = "<group>"; };
		048158AB20FF446C00B0D220 /* en */ = {isa = PBXFileReference; lastKnownFileType = text.plist.strings; name = en; path = en.lproj/Localizable.strings; sourceTree = "<group>"; };
		048158AD20FF447700B0D220 /* zh-Hans */ = {isa = PBXFileReference; lastKnownFileType = text.plist.strings; name = "zh-Hans"; path = "zh-Hans.lproj/Main.strings"; sourceTree = "<group>"; };
		048158AE20FF447700B0D220 /* zh-Hans */ = {isa = PBXFileReference; lastKnownFileType = text.plist.strings; name = "zh-Hans"; path = "zh-Hans.lproj/LaunchScreen.strings"; sourceTree = "<group>"; };
		048158AF20FF447700B0D220 /* zh-Hans */ = {isa = PBXFileReference; lastKnownFileType = text.plist.strings; name = "zh-Hans"; path = "zh-Hans.lproj/Localizable.strings"; sourceTree = "<group>"; };
		048158B020FF46A100B0D220 /* ImageSimilarity.h */ = {isa = PBXFileReference; fileEncoding = 4; lastKnownFileType = sourcecode.c.h; path = ImageSimilarity.h; sourceTree = "<group>"; };
		048158B120FF46A100B0D220 /* ImageSimilarity.m */ = {isa = PBXFileReference; fileEncoding = 4; lastKnownFileType = sourcecode.c.objc; path = ImageSimilarity.m; sourceTree = "<group>"; };
		048158B420FF473F00B0D220 /* NSArray+Enum.m */ = {isa = PBXFileReference; fileEncoding = 4; lastKnownFileType = sourcecode.c.objc; path = "NSArray+Enum.m"; sourceTree = "<group>"; };
		048158B520FF473F00B0D220 /* NSArray+Enum.h */ = {isa = PBXFileReference; fileEncoding = 4; lastKnownFileType = sourcecode.c.h; path = "NSArray+Enum.h"; sourceTree = "<group>"; };
		04AE7A3F20F7239E00BA7D6A /* LLUnits_OC.app */ = {isa = PBXFileReference; explicitFileType = wrapper.application; includeInIndex = 0; path = LLUnits_OC.app; sourceTree = BUILT_PRODUCTS_DIR; };
		04AE7A4220F7239E00BA7D6A /* AppDelegate.h */ = {isa = PBXFileReference; lastKnownFileType = sourcecode.c.h; path = AppDelegate.h; sourceTree = "<group>"; };
		04AE7A4320F7239E00BA7D6A /* AppDelegate.m */ = {isa = PBXFileReference; lastKnownFileType = sourcecode.c.objc; path = AppDelegate.m; sourceTree = "<group>"; };
		04AE7A4520F7239E00BA7D6A /* ViewController.h */ = {isa = PBXFileReference; lastKnownFileType = sourcecode.c.h; path = ViewController.h; sourceTree = "<group>"; };
		04AE7A4620F7239E00BA7D6A /* ViewController.m */ = {isa = PBXFileReference; lastKnownFileType = sourcecode.c.objc; path = ViewController.m; sourceTree = "<group>"; };
		04AE7A4920F7239E00BA7D6A /* Base */ = {isa = PBXFileReference; lastKnownFileType = file.storyboard; name = Base; path = Base.lproj/Main.storyboard; sourceTree = "<group>"; };
		04AE7A4B20F723A000BA7D6A /* Assets.xcassets */ = {isa = PBXFileReference; lastKnownFileType = folder.assetcatalog; path = Assets.xcassets; sourceTree = "<group>"; };
		04AE7A4E20F723A000BA7D6A /* Base */ = {isa = PBXFileReference; lastKnownFileType = file.storyboard; name = Base; path = Base.lproj/LaunchScreen.storyboard; sourceTree = "<group>"; };
		04AE7A5020F723A000BA7D6A /* Info.plist */ = {isa = PBXFileReference; lastKnownFileType = text.plist.xml; path = Info.plist; sourceTree = "<group>"; };
		04AE7A5120F723A000BA7D6A /* main.m */ = {isa = PBXFileReference; lastKnownFileType = sourcecode.c.objc; path = main.m; sourceTree = "<group>"; };
		04AE7A5920F724FD00BA7D6A /* LLDateFormatterHelper.h */ = {isa = PBXFileReference; fileEncoding = 4; lastKnownFileType = sourcecode.c.h; path = LLDateFormatterHelper.h; sourceTree = "<group>"; };
		04AE7A6820F724FD00BA7D6A /* LLAlertHelper.m */ = {isa = PBXFileReference; fileEncoding = 4; lastKnownFileType = sourcecode.c.objc; path = LLAlertHelper.m; sourceTree = "<group>"; };
		04AE7A8D20F724FD00BA7D6A /* LLDateFormatterHelper.m */ = {isa = PBXFileReference; fileEncoding = 4; lastKnownFileType = sourcecode.c.objc; path = LLDateFormatterHelper.m; sourceTree = "<group>"; };
		04AE7A8F20F724FD00BA7D6A /* LLAlertHelper.h */ = {isa = PBXFileReference; fileEncoding = 4; lastKnownFileType = sourcecode.c.h; path = LLAlertHelper.h; sourceTree = "<group>"; };
		04AE7AA920F7270200BA7D6A /* UIViewController+BarItem.m */ = {isa = PBXFileReference; fileEncoding = 4; lastKnownFileType = sourcecode.c.objc; path = "UIViewController+BarItem.m"; sourceTree = "<group>"; };
		04AE7AAA20F7270200BA7D6A /* UIImage+Color.m */ = {isa = PBXFileReference; fileEncoding = 4; lastKnownFileType = sourcecode.c.objc; path = "UIImage+Color.m"; sourceTree = "<group>"; };
		04AE7AAB20F7270200BA7D6A /* UIColor+Hex.m */ = {isa = PBXFileReference; fileEncoding = 4; lastKnownFileType = sourcecode.c.objc; path = "UIColor+Hex.m"; sourceTree = "<group>"; };
		04AE7AAC20F7270300BA7D6A /* UIView+EasyLayout.m */ = {isa = PBXFileReference; fileEncoding = 4; lastKnownFileType = sourcecode.c.objc; path = "UIView+EasyLayout.m"; sourceTree = "<group>"; };
		04AE7AAD20F7270300BA7D6A /* UIImage+Color.h */ = {isa = PBXFileReference; fileEncoding = 4; lastKnownFileType = sourcecode.c.h; path = "UIImage+Color.h"; sourceTree = "<group>"; };
		04AE7AAE20F7270300BA7D6A /* UIViewController+BarItem.h */ = {isa = PBXFileReference; fileEncoding = 4; lastKnownFileType = sourcecode.c.h; path = "UIViewController+BarItem.h"; sourceTree = "<group>"; };
		04AE7AAF20F7270300BA7D6A /* UIColor+Hex.h */ = {isa = PBXFileReference; fileEncoding = 4; lastKnownFileType = sourcecode.c.h; path = "UIColor+Hex.h"; sourceTree = "<group>"; };
		04AE7AB020F7270300BA7D6A /* UIView+EasyLayout.h */ = {isa = PBXFileReference; fileEncoding = 4; lastKnownFileType = sourcecode.c.h; path = "UIView+EasyLayout.h"; sourceTree = "<group>"; };
		04AE7ABE20F72BD300BA7D6A /* LLWaterView.h */ = {isa = PBXFileReference; fileEncoding = 4; lastKnownFileType = sourcecode.c.h; path = LLWaterView.h; sourceTree = "<group>"; };
		04AE7ABF20F72BD300BA7D6A /* LLDatePickerView.m */ = {isa = PBXFileReference; fileEncoding = 4; lastKnownFileType = sourcecode.c.objc; path = LLDatePickerView.m; sourceTree = "<group>"; };
		04AE7AC020F72BD300BA7D6A /* LLCustomPickerView.m */ = {isa = PBXFileReference; fileEncoding = 4; lastKnownFileType = sourcecode.c.objc; path = LLCustomPickerView.m; sourceTree = "<group>"; };
		04AE7AC120F72BD300BA7D6A /* LLWaterView.m */ = {isa = PBXFileReference; fileEncoding = 4; lastKnownFileType = sourcecode.c.objc; path = LLWaterView.m; sourceTree = "<group>"; };
		04AE7AC320F72BD300BA7D6A /* LLCustomPickerView.h */ = {isa = PBXFileReference; fileEncoding = 4; lastKnownFileType = sourcecode.c.h; path = LLCustomPickerView.h; sourceTree = "<group>"; };
		04AE7AC420F72BD300BA7D6A /* LLDatePickerView.h */ = {isa = PBXFileReference; fileEncoding = 4; lastKnownFileType = sourcecode.c.h; path = LLDatePickerView.h; sourceTree = "<group>"; };
		04AE7AD320F74A1300BA7D6A /* LLPermissionManager.h */ = {isa = PBXFileReference; fileEncoding = 4; lastKnownFileType = sourcecode.c.h; path = LLPermissionManager.h; sourceTree = "<group>"; };
		04AE7AD420F74A1300BA7D6A /* LLPermissionManager.m */ = {isa = PBXFileReference; fileEncoding = 4; lastKnownFileType = sourcecode.c.objc; path = LLPermissionManager.m; sourceTree = "<group>"; };
/* End PBXFileReference section */

/* Begin PBXFrameworksBuildPhase section */
		04AE7A3C20F7239E00BA7D6A /* Frameworks */ = {
			isa = PBXFrameworksBuildPhase;
			buildActionMask = 2147483647;
			files = (
			);
			runOnlyForDeploymentPostprocessing = 0;
		};
/* End PBXFrameworksBuildPhase section */

/* Begin PBXGroup section */
		048158B320FF46AD00B0D220 /* 图像对比 */ = {
			isa = PBXGroup;
			children = (
				048158B020FF46A100B0D220 /* ImageSimilarity.h */,
				048158B120FF46A100B0D220 /* ImageSimilarity.m */,
			);
			path = "图像对比";
			sourceTree = "<group>";
		};
		04AE7A3620F7239E00BA7D6A = {
			isa = PBXGroup;
			children = (
				04AE7A4120F7239E00BA7D6A /* LLUnits_OC */,
				04AE7A4020F7239E00BA7D6A /* Products */,
			);
			sourceTree = "<group>";
		};
		04AE7A4020F7239E00BA7D6A /* Products */ = {
			isa = PBXGroup;
			children = (
				04AE7A3F20F7239E00BA7D6A /* LLUnits_OC.app */,
			);
			name = Products;
			sourceTree = "<group>";
		};
		04AE7A4120F7239E00BA7D6A /* LLUnits_OC */ = {
			isa = PBXGroup;
			children = (
				048158A720FF410B00B0D220 /* LLUnits_OC.pch */,
				048158AC20FF446C00B0D220 /* Localizable.strings */,
				04AE7AA820F726DD00BA7D6A /* Extension */,
				04AE7A5820F724FD00BA7D6A /* Service */,
				04AE7AA720F7253800BA7D6A /* Helper */,
				04AE7AB520F72BD300BA7D6A /* CustomView */,
				04AE7A4220F7239E00BA7D6A /* AppDelegate.h */,
				04AE7A4320F7239E00BA7D6A /* AppDelegate.m */,
				04AE7A4520F7239E00BA7D6A /* ViewController.h */,
				04AE7A4620F7239E00BA7D6A /* ViewController.m */,
				04AE7A4820F7239E00BA7D6A /* Main.storyboard */,
				04AE7A4B20F723A000BA7D6A /* Assets.xcassets */,
				04AE7A4D20F723A000BA7D6A /* LaunchScreen.storyboard */,
				04AE7A5020F723A000BA7D6A /* Info.plist */,
				04AE7A5120F723A000BA7D6A /* main.m */,
			);
			path = LLUnits_OC;
			sourceTree = "<group>";
		};
		04AE7A5820F724FD00BA7D6A /* Service */ = {
			isa = PBXGroup;
			children = (
				04AE7AD220F74A1300BA7D6A /* 权限请求 */,
				04AE7AD120F749FD00BA7D6A /* 内购 */,
				048158B320FF46AD00B0D220 /* 图像对比 */,
			);
			path = Service;
			sourceTree = "<group>";
		};
		04AE7AA720F7253800BA7D6A /* Helper */ = {
			isa = PBXGroup;
			children = (
				04AE7A8F20F724FD00BA7D6A /* LLAlertHelper.h */,
				04AE7A6820F724FD00BA7D6A /* LLAlertHelper.m */,
				04AE7A5920F724FD00BA7D6A /* LLDateFormatterHelper.h */,
				04AE7A8D20F724FD00BA7D6A /* LLDateFormatterHelper.m */,
			);
			path = Helper;
			sourceTree = "<group>";
		};
		04AE7AA820F726DD00BA7D6A /* Extension */ = {
			isa = PBXGroup;
			children = (
				04AE7AAF20F7270300BA7D6A /* UIColor+Hex.h */,
				04AE7AAB20F7270200BA7D6A /* UIColor+Hex.m */,
				04AE7AAD20F7270300BA7D6A /* UIImage+Color.h */,
				04AE7AAA20F7270200BA7D6A /* UIImage+Color.m */,
				04AE7AB020F7270300BA7D6A /* UIView+EasyLayout.h */,
				04AE7AAC20F7270300BA7D6A /* UIView+EasyLayout.m */,
				04AE7AAE20F7270300BA7D6A /* UIViewController+BarItem.h */,
				04AE7AA920F7270200BA7D6A /* UIViewController+BarItem.m */,
				048158B520FF473F00B0D220 /* NSArray+Enum.h */,
				048158B420FF473F00B0D220 /* NSArray+Enum.m */,
			);
			path = Extension;
			sourceTree = "<group>";
		};
		04AE7AB520F72BD300BA7D6A /* CustomView */ = {
			isa = PBXGroup;
			children = (
				04AE7ACD20F72C5000BA7D6A /* 水球动画 */,
				04AE7ACC20F72C3700BA7D6A /* 选择器 */,
			);
			path = CustomView;
			sourceTree = "<group>";
		};
		04AE7ACC20F72C3700BA7D6A /* 选择器 */ = {
			isa = PBXGroup;
			children = (
				04AE7AC420F72BD300BA7D6A /* LLDatePickerView.h */,
				04AE7ABF20F72BD300BA7D6A /* LLDatePickerView.m */,
				04AE7AC320F72BD300BA7D6A /* LLCustomPickerView.h */,
				04AE7AC020F72BD300BA7D6A /* LLCustomPickerView.m */,
			);
			path = "选择器";
			sourceTree = "<group>";
		};
		04AE7ACD20F72C5000BA7D6A /* 水球动画 */ = {
			isa = PBXGroup;
			children = (
				04AE7ABE20F72BD300BA7D6A /* LLWaterView.h */,
				04AE7AC120F72BD300BA7D6A /* LLWaterView.m */,
			);
			path = "水球动画";
			sourceTree = "<group>";
		};
		04AE7AD120F749FD00BA7D6A /* 内购 */ = {
			isa = PBXGroup;
			children = (
				048158A520FF40DA00B0D220 /* LLPurchaseManager.h */,
				048158A420FF40DA00B0D220 /* LLPurchaseManager.m */,
			);
			path = "内购";
			sourceTree = "<group>";
		};
		04AE7AD220F74A1300BA7D6A /* 权限请求 */ = {
			isa = PBXGroup;
			children = (
				04AE7AD320F74A1300BA7D6A /* LLPermissionManager.h */,
				04AE7AD420F74A1300BA7D6A /* LLPermissionManager.m */,
			);
			path = "权限请求";
			sourceTree = "<group>";
		};
/* End PBXGroup section */

/* Begin PBXNativeTarget section */
		04AE7A3E20F7239E00BA7D6A /* LLUnits_OC */ = {
			isa = PBXNativeTarget;
			buildConfigurationList = 04AE7A5520F723A000BA7D6A /* Build configuration list for PBXNativeTarget "LLUnits_OC" */;
			buildPhases = (
				04AE7A3B20F7239E00BA7D6A /* Sources */,
				04AE7A3C20F7239E00BA7D6A /* Frameworks */,
				04AE7A3D20F7239E00BA7D6A /* Resources */,
			);
			buildRules = (
			);
			dependencies = (
			);
			name = LLUnits_OC;
			productName = LLUnits_OC;
			productReference = 04AE7A3F20F7239E00BA7D6A /* LLUnits_OC.app */;
			productType = "com.apple.product-type.application";
		};
/* End PBXNativeTarget section */

/* Begin PBXProject section */
		04AE7A3720F7239E00BA7D6A /* Project object */ = {
			isa = PBXProject;
			attributes = {
				LastUpgradeCheck = 0940;
				ORGANIZATIONNAME = luoliu;
				TargetAttributes = {
					04AE7A3E20F7239E00BA7D6A = {
						CreatedOnToolsVersion = 9.4;
					};
				};
			};
			buildConfigurationList = 04AE7A3A20F7239E00BA7D6A /* Build configuration list for PBXProject "LLUnits_OC" */;
			compatibilityVersion = "Xcode 9.3";
			developmentRegion = en;
			hasScannedForEncodings = 0;
			knownRegions = (
				en,
				Base,
				"zh-Hans",
			);
			mainGroup = 04AE7A3620F7239E00BA7D6A;
			productRefGroup = 04AE7A4020F7239E00BA7D6A /* Products */;
			projectDirPath = "";
			projectRoot = "";
			targets = (
				04AE7A3E20F7239E00BA7D6A /* LLUnits_OC */,
			);
		};
/* End PBXProject section */

/* Begin PBXResourcesBuildPhase section */
		04AE7A3D20F7239E00BA7D6A /* Resources */ = {
			isa = PBXResourcesBuildPhase;
			buildActionMask = 2147483647;
			files = (
				04AE7A4F20F723A000BA7D6A /* LaunchScreen.storyboard in Resources */,
				048158AA20FF446C00B0D220 /* Localizable.strings in Resources */,
				04AE7A4C20F723A000BA7D6A /* Assets.xcassets in Resources */,
				04AE7A4A20F7239E00BA7D6A /* Main.storyboard in Resources */,
			);
			runOnlyForDeploymentPostprocessing = 0;
		};
/* End PBXResourcesBuildPhase section */

/* Begin PBXSourcesBuildPhase section */
		04AE7A3B20F7239E00BA7D6A /* Sources */ = {
			isa = PBXSourcesBuildPhase;
			buildActionMask = 2147483647;
			files = (
				04AE7A4720F7239E00BA7D6A /* ViewController.m in Sources */,
				04AE7A9720F724FD00BA7D6A /* LLAlertHelper.m in Sources */,
				04AE7AD520F74A1300BA7D6A /* LLPermissionManager.m in Sources */,
				048158B620FF473F00B0D220 /* NSArray+Enum.m in Sources */,
				04AE7AC920F72BD400BA7D6A /* LLCustomPickerView.m in Sources */,
				04AE7AB120F7270300BA7D6A /* UIViewController+BarItem.m in Sources */,
				04AE7AB320F7270300BA7D6A /* UIColor+Hex.m in Sources */,
				04AE7AA620F724FD00BA7D6A /* LLDateFormatterHelper.m in Sources */,
				04AE7AB220F7270300BA7D6A /* UIImage+Color.m in Sources */,
				04AE7AC820F72BD400BA7D6A /* LLDatePickerView.m in Sources */,
				04AE7A5220F723A000BA7D6A /* main.m in Sources */,
				04AE7AB420F7270300BA7D6A /* UIView+EasyLayout.m in Sources */,
				04AE7ACA20F72BD400BA7D6A /* LLWaterView.m in Sources */,
				048158B220FF46A200B0D220 /* ImageSimilarity.m in Sources */,
				048158A620FF40DA00B0D220 /* LLPurchaseManager.m in Sources */,
				04AE7A4420F7239E00BA7D6A /* AppDelegate.m in Sources */,
			);
			runOnlyForDeploymentPostprocessing = 0;
		};
/* End PBXSourcesBuildPhase section */

/* Begin PBXVariantGroup section */
		048158AC20FF446C00B0D220 /* Localizable.strings */ = {
			isa = PBXVariantGroup;
			children = (
				048158AB20FF446C00B0D220 /* en */,
				048158AF20FF447700B0D220 /* zh-Hans */,
			);
			name = Localizable.strings;
			sourceTree = "<group>";
		};
		04AE7A4820F7239E00BA7D6A /* Main.storyboard */ = {
			isa = PBXVariantGroup;
			children = (
				04AE7A4920F7239E00BA7D6A /* Base */,
				048158AD20FF447700B0D220 /* zh-Hans */,
			);
			name = Main.storyboard;
			sourceTree = "<group>";
		};
		04AE7A4D20F723A000BA7D6A /* LaunchScreen.storyboard */ = {
			isa = PBXVariantGroup;
			children = (
				04AE7A4E20F723A000BA7D6A /* Base */,
				048158AE20FF447700B0D220 /* zh-Hans */,
			);
			name = LaunchScreen.storyboard;
			sourceTree = "<group>";
		};
/* End PBXVariantGroup section */

/* Begin XCBuildConfiguration section */
		04AE7A5320F723A000BA7D6A /* Debug */ = {
			isa = XCBuildConfiguration;
			buildSettings = {
				ALWAYS_SEARCH_USER_PATHS = NO;
				CLANG_ANALYZER_LOCALIZABILITY_NONLOCALIZED = YES;
				CLANG_ANALYZER_NONNULL = YES;
				CLANG_ANALYZER_NUMBER_OBJECT_CONVERSION = YES_AGGRESSIVE;
				CLANG_CXX_LANGUAGE_STANDARD = "gnu++14";
				CLANG_CXX_LIBRARY = "libc++";
				CLANG_ENABLE_MODULES = YES;
				CLANG_ENABLE_OBJC_ARC = YES;
				CLANG_ENABLE_OBJC_WEAK = YES;
				CLANG_WARN_BLOCK_CAPTURE_AUTORELEASING = YES;
				CLANG_WARN_BOOL_CONVERSION = YES;
				CLANG_WARN_COMMA = YES;
				CLANG_WARN_CONSTANT_CONVERSION = YES;
				CLANG_WARN_DEPRECATED_OBJC_IMPLEMENTATIONS = YES;
				CLANG_WARN_DIRECT_OBJC_ISA_USAGE = YES_ERROR;
				CLANG_WARN_DOCUMENTATION_COMMENTS = YES;
				CLANG_WARN_EMPTY_BODY = YES;
				CLANG_WARN_ENUM_CONVERSION = YES;
				CLANG_WARN_INFINITE_RECURSION = YES;
				CLANG_WARN_INT_CONVERSION = YES;
				CLANG_WARN_NON_LITERAL_NULL_CONVERSION = YES;
				CLANG_WARN_OBJC_IMPLICIT_RETAIN_SELF = YES;
				CLANG_WARN_OBJC_LITERAL_CONVERSION = YES;
				CLANG_WARN_OBJC_ROOT_CLASS = YES_ERROR;
				CLANG_WARN_RANGE_LOOP_ANALYSIS = YES;
				CLANG_WARN_STRICT_PROTOTYPES = YES;
				CLANG_WARN_SUSPICIOUS_MOVE = YES;
				CLANG_WARN_UNGUARDED_AVAILABILITY = YES_AGGRESSIVE;
				CLANG_WARN_UNREACHABLE_CODE = YES;
				CLANG_WARN__DUPLICATE_METHOD_MATCH = YES;
				CODE_SIGN_IDENTITY = "iPhone Developer";
				COPY_PHASE_STRIP = NO;
				DEBUG_INFORMATION_FORMAT = dwarf;
				ENABLE_STRICT_OBJC_MSGSEND = YES;
				ENABLE_TESTABILITY = YES;
				GCC_C_LANGUAGE_STANDARD = gnu11;
				GCC_DYNAMIC_NO_PIC = NO;
				GCC_NO_COMMON_BLOCKS = YES;
				GCC_OPTIMIZATION_LEVEL = 0;
				GCC_PREFIX_HEADER = LLUnits_OC/LLUnits_OC.pch;
				GCC_PREPROCESSOR_DEFINITIONS = (
					"DEBUG=1",
					"$(inherited)",
				);
				GCC_WARN_64_TO_32_BIT_CONVERSION = YES;
				GCC_WARN_ABOUT_RETURN_TYPE = YES_ERROR;
				GCC_WARN_UNDECLARED_SELECTOR = YES;
				GCC_WARN_UNINITIALIZED_AUTOS = YES_AGGRESSIVE;
				GCC_WARN_UNUSED_FUNCTION = YES;
				GCC_WARN_UNUSED_VARIABLE = YES;
				IPHONEOS_DEPLOYMENT_TARGET = 8.0;
				MTL_ENABLE_DEBUG_INFO = YES;
				ONLY_ACTIVE_ARCH = YES;
				SDKROOT = iphoneos;
			};
			name = Debug;
		};
		04AE7A5420F723A000BA7D6A /* Release */ = {
			isa = XCBuildConfiguration;
			buildSettings = {
				ALWAYS_SEARCH_USER_PATHS = NO;
				CLANG_ANALYZER_LOCALIZABILITY_NONLOCALIZED = YES;
				CLANG_ANALYZER_NONNULL = YES;
				CLANG_ANALYZER_NUMBER_OBJECT_CONVERSION = YES_AGGRESSIVE;
				CLANG_CXX_LANGUAGE_STANDARD = "gnu++14";
				CLANG_CXX_LIBRARY = "libc++";
				CLANG_ENABLE_MODULES = YES;
				CLANG_ENABLE_OBJC_ARC = YES;
				CLANG_ENABLE_OBJC_WEAK = YES;
				CLANG_WARN_BLOCK_CAPTURE_AUTORELEASING = YES;
				CLANG_WARN_BOOL_CONVERSION = YES;
				CLANG_WARN_COMMA = YES;
				CLANG_WARN_CONSTANT_CONVERSION = YES;
				CLANG_WARN_DEPRECATED_OBJC_IMPLEMENTATIONS = YES;
				CLANG_WARN_DIRECT_OBJC_ISA_USAGE = YES_ERROR;
				CLANG_WARN_DOCUMENTATION_COMMENTS = YES;
				CLANG_WARN_EMPTY_BODY = YES;
				CLANG_WARN_ENUM_CONVERSION = YES;
				CLANG_WARN_INFINITE_RECURSION = YES;
				CLANG_WARN_INT_CONVERSION = YES;
				CLANG_WARN_NON_LITERAL_NULL_CONVERSION = YES;
				CLANG_WARN_OBJC_IMPLICIT_RETAIN_SELF = YES;
				CLANG_WARN_OBJC_LITERAL_CONVERSION = YES;
				CLANG_WARN_OBJC_ROOT_CLASS = YES_ERROR;
				CLANG_WARN_RANGE_LOOP_ANALYSIS = YES;
				CLANG_WARN_STRICT_PROTOTYPES = YES;
				CLANG_WARN_SUSPICIOUS_MOVE = YES;
				CLANG_WARN_UNGUARDED_AVAILABILITY = YES_AGGRESSIVE;
				CLANG_WARN_UNREACHABLE_CODE = YES;
				CLANG_WARN__DUPLICATE_METHOD_MATCH = YES;
				CODE_SIGN_IDENTITY = "iPhone Developer";
				COPY_PHASE_STRIP = NO;
				DEBUG_INFORMATION_FORMAT = "dwarf-with-dsym";
				ENABLE_NS_ASSERTIONS = NO;
				ENABLE_STRICT_OBJC_MSGSEND = YES;
				GCC_C_LANGUAGE_STANDARD = gnu11;
				GCC_NO_COMMON_BLOCKS = YES;
				GCC_PREFIX_HEADER = LLUnits_OC/LLUnits_OC.pch;
				GCC_WARN_64_TO_32_BIT_CONVERSION = YES;
				GCC_WARN_ABOUT_RETURN_TYPE = YES_ERROR;
				GCC_WARN_UNDECLARED_SELECTOR = YES;
				GCC_WARN_UNINITIALIZED_AUTOS = YES_AGGRESSIVE;
				GCC_WARN_UNUSED_FUNCTION = YES;
				GCC_WARN_UNUSED_VARIABLE = YES;
				IPHONEOS_DEPLOYMENT_TARGET = 8.0;
				MTL_ENABLE_DEBUG_INFO = NO;
				SDKROOT = iphoneos;
				VALIDATE_PRODUCT = YES;
			};
			name = Release;
		};
		04AE7A5620F723A000BA7D6A /* Debug */ = {
			isa = XCBuildConfiguration;
			buildSettings = {
				ASSETCATALOG_COMPILER_APPICON_NAME = AppIcon;
				CODE_SIGN_IDENTITY = "iPhone Developer";
				CODE_SIGN_STYLE = Automatic;
				DEVELOPMENT_TEAM = "";
				INFOPLIST_FILE = LLUnits_OC/Info.plist;
				LD_RUNPATH_SEARCH_PATHS = (
					"$(inherited)",
					"@executable_path/Frameworks",
				);
				PRODUCT_BUNDLE_IDENTIFIER = "com.66.LLUnits-OC";
				PRODUCT_NAME = "$(TARGET_NAME)";
				PROVISIONING_PROFILE_SPECIFIER = "";
				TARGETED_DEVICE_FAMILY = "1,2";
			};
			name = Debug;
		};
		04AE7A5720F723A000BA7D6A /* Release */ = {
			isa = XCBuildConfiguration;
			buildSettings = {
				ASSETCATALOG_COMPILER_APPICON_NAME = AppIcon;
				CODE_SIGN_IDENTITY = "iPhone Developer";
				CODE_SIGN_STYLE = Automatic;
				DEVELOPMENT_TEAM = "";
				INFOPLIST_FILE = LLUnits_OC/Info.plist;
				LD_RUNPATH_SEARCH_PATHS = (
					"$(inherited)",
					"@executable_path/Frameworks",
				);
				PRODUCT_BUNDLE_IDENTIFIER = "com.66.LLUnits-OC";
				PRODUCT_NAME = "$(TARGET_NAME)";
				PROVISIONING_PROFILE_SPECIFIER = "";
				TARGETED_DEVICE_FAMILY = "1,2";
			};
			name = Release;
		};
/* End XCBuildConfiguration section */

/* Begin XCConfigurationList section */
		04AE7A3A20F7239E00BA7D6A /* Build configuration list for PBXProject "LLUnits_OC" */ = {
			isa = XCConfigurationList;
			buildConfigurations = (
				04AE7A5320F723A000BA7D6A /* Debug */,
				04AE7A5420F723A000BA7D6A /* Release */,
			);
			defaultConfigurationIsVisible = 0;
			defaultConfigurationName = Release;
		};
		04AE7A5520F723A000BA7D6A /* Build configuration list for PBXNativeTarget "LLUnits_OC" */ = {
			isa = XCConfigurationList;
			buildConfigurations = (
				04AE7A5620F723A000BA7D6A /* Debug */,
				04AE7A5720F723A000BA7D6A /* Release */,
			);
			defaultConfigurationIsVisible = 0;
			defaultConfigurationName = Release;
		};
/* End XCConfigurationList section */
	};
	rootObject = 04AE7A3720F7239E00BA7D6A /* Project object */;
}
